
Microsoft Visual Studio Solution File, Format Version 12.00
# Visual Studio Version 16
VisualStudioVersion = 16.0.29920.165
MinimumVisualStudioVersion = 10.0.40219.1
Project("{FAE04EC0-301F-11D3-BF4B-00C04F79EFBC}") = "BabyFunTime", "BabyFunTime\BabyFunTime.csproj", "{84C05F69-CDEB-478D-AE15-B682E78A4E99}"
EndProject
Global
	GlobalSection(SolutionConfigurationPlatforms) = preSolution
		Debug|Any CPU = Debug|Any CPU
		Release|Any CPU = Release|Any CPU
	EndGlobalSection
	GlobalSection(ProjectConfigurationPlatforms) = postSolution
		{84C05F69-CDEB-478D-AE15-B682E78A4E99}.Debug|Any CPU.ActiveCfg = Debug|Any CPU
		{84C05F69-CDEB-478D-AE15-B682E78A4E99}.Debug|Any CPU.Build.0 = Debug|Any CPU
		{84C05F69-CDEB-478D-AE15-B682E78A4E99}.Release|Any CPU.ActiveCfg = Release|Any CPU
		{84C05F69-CDEB-478D-AE15-B682E78A4E99}.Release|Any CPU.Build.0 = Release|Any CPU
	EndGlobalSection
	GlobalSection(SolutionProperties) = preSolution
		HideSolutionNode = FALSE
	EndGlobalSection
	GlobalSection(ExtensibilityGlobals) = postSolution
		SolutionGuid = {369E5F44-CCEE-4987-AED5-41D5C78B2C05}
	EndGlobalSection
EndGlobal
